
Microsoft Visual Studio Solution File, Format Version 12.00
# Visual Studio Version 16
VisualStudioVersion = 16.0.31702.278
MinimumVisualStudioVersion = 10.0.40219.1
Project("{FAE04EC0-301F-11D3-BF4B-00C04F79EFBC}") = "Exercicio01", "Exercicio01\Exercicio01.csproj", "{A69D1702-BD2E-4AE0-BF33-C31FE4B937C5}"
EndProject
Project("{FAE04EC0-301F-11D3-BF4B-00C04F79EFBC}") = "Execicio02", "Execicio02\Execicio02.csproj", "{8FD53778-5A3C-4C01-BB78-D49FC0170DFA}"
EndProject
Project("{FAE04EC0-301F-11D3-BF4B-00C04F79EFBC}") = "Exercicio03", "Exercicio03\Exercicio03.csproj", "{13E88E4F-CD5C-4C11-838F-B3BE21B6F6F5}"
EndProject
Project("{FAE04EC0-301F-11D3-BF4B-00C04F79EFBC}") = "Exercicio04", "Exercicio04\Exercicio04.csproj", "{2D14D57B-F4E5-4248-9400-D97C4D2BBA23}"
EndProject
Project("{FAE04EC0-301F-11D3-BF4B-00C04F79EFBC}") = "Exercicio05", "Exercicio05\Exercicio05.csproj", "{0CF36034-BACB-4837-A7F7-D14D4ED8BCCE}"
EndProject
Global
	GlobalSection(SolutionConfigurationPlatforms) = preSolution
		Debug|Any CPU = Debug|Any CPU
		Release|Any CPU = Release|Any CPU
	EndGlobalSection
	GlobalSection(ProjectConfigurationPlatforms) = postSolution
		{A69D1702-BD2E-4AE0-BF33-C31FE4B937C5}.Debug|Any CPU.ActiveCfg = Debug|Any CPU
		{A69D1702-BD2E-4AE0-BF33-C31FE4B937C5}.Debug|Any CPU.Build.0 = Debug|Any CPU
		{A69D1702-BD2E-4AE0-BF33-C31FE4B937C5}.Release|Any CPU.ActiveCfg = Release|Any CPU
		{A69D1702-BD2E-4AE0-BF33-C31FE4B937C5}.Release|Any CPU.Build.0 = Release|Any CPU
		{8FD53778-5A3C-4C01-BB78-D49FC0170DFA}.Debug|Any CPU.ActiveCfg = Debug|Any CPU
		{8FD53778-5A3C-4C01-BB78-D49FC0170DFA}.Debug|Any CPU.Build.0 = Debug|Any CPU
		{8FD53778-5A3C-4C01-BB78-D49FC0170DFA}.Release|Any CPU.ActiveCfg = Release|Any CPU
		{8FD53778-5A3C-4C01-BB78-D49FC0170DFA}.Release|Any CPU.Build.0 = Release|Any CPU
		{13E88E4F-CD5C-4C11-838F-B3BE21B6F6F5}.Debug|Any CPU.ActiveCfg = Debug|Any CPU
		{13E88E4F-CD5C-4C11-838F-B3BE21B6F6F5}.Debug|Any CPU.Build.0 = Debug|Any CPU
		{13E88E4F-CD5C-4C11-838F-B3BE21B6F6F5}.Release|Any CPU.ActiveCfg = Release|Any CPU
		{13E88E4F-CD5C-4C11-838F-B3BE21B6F6F5}.Release|Any CPU.Build.0 = Release|Any CPU
		{2D14D57B-F4E5-4248-9400-D97C4D2BBA23}.Debug|Any CPU.ActiveCfg = Debug|Any CPU
		{2D14D57B-F4E5-4248-9400-D97C4D2BBA23}.Debug|Any CPU.Build.0 = Debug|Any CPU
		{2D14D57B-F4E5-4248-9400-D97C4D2BBA23}.Release|Any CPU.ActiveCfg = Release|Any CPU
		{2D14D57B-F4E5-4248-9400-D97C4D2BBA23}.Release|Any CPU.Build.0 = Release|Any CPU
		{0CF36034-BACB-4837-A7F7-D14D4ED8BCCE}.Debug|Any CPU.ActiveCfg = Debug|Any CPU
		{0CF36034-BACB-4837-A7F7-D14D4ED8BCCE}.Debug|Any CPU.Build.0 = Debug|Any CPU
		{0CF36034-BACB-4837-A7F7-D14D4ED8BCCE}.Release|Any CPU.ActiveCfg = Release|Any CPU
		{0CF36034-BACB-4837-A7F7-D14D4ED8BCCE}.Release|Any CPU.Build.0 = Release|Any CPU
	EndGlobalSection
	GlobalSection(SolutionProperties) = preSolution
		HideSolutionNode = FALSE
	EndGlobalSection
	GlobalSection(ExtensibilityGlobals) = postSolution
		SolutionGuid = {54740018-F42D-4876-8491-42E42F435160}
	EndGlobalSection
EndGlobal
